
Microsoft Visual Studio Solution File, Format Version 12.00
# Visual Studio Version 17
VisualStudioVersion = 17.6.33927.249
MinimumVisualStudioVersion = 10.0.40219.1
Project("{9A19103F-16F7-4668-BE54-9A1E7A4F7556}") = "Nullref.FullStackDemo.API", "Nullref.FullStackDemo.API\Nullref.FullStackDemo.API.csproj", "{BF451CD5-F111-4730-BD32-AB6A6E93DA9C}"
EndProject
Project("{9A19103F-16F7-4668-BE54-9A1E7A4F7556}") = "Nullref.FullStackDemo.Tests", "Nullref.FullStackDemo.Tests\Nullref.FullStackDemo.Tests.csproj", "{83BC9289-A217-4463-84FA-35FD6756CDE5}"
EndProject
Project("{9A19103F-16F7-4668-BE54-9A1E7A4F7556}") = "Nullref.FullStackDemo.Database", "Nullref.FullStackDemo.Database\Nullref.FullStackDemo.Database.csproj", "{30DEBA47-8D50-4BDC-BD20-877450F413F1}"
EndProject
Project("{2150E333-8FDC-42A3-9474-1A3956D46DE8}") = "Artifacts", "Artifacts", "{DE28A4BD-7766-49FE-92DA-E4CE67AA9F02}"
	ProjectSection(SolutionItems) = preProject
		..\.editorconfig = ..\.editorconfig
		..\README.md = ..\README.md
		Nullref.FullStackDemo.Frontend\swagger.json = Nullref.FullStackDemo.Frontend\swagger.json
	EndProjectSection
EndProject
Global
	GlobalSection(SolutionConfigurationPlatforms) = preSolution
		Debug|Any CPU = Debug|Any CPU
		Release|Any CPU = Release|Any CPU
	EndGlobalSection
	GlobalSection(ProjectConfigurationPlatforms) = postSolution
		{BF451CD5-F111-4730-BD32-AB6A6E93DA9C}.Debug|Any CPU.ActiveCfg = Debug|Any CPU
		{BF451CD5-F111-4730-BD32-AB6A6E93DA9C}.Debug|Any CPU.Build.0 = Debug|Any CPU
		{BF451CD5-F111-4730-BD32-AB6A6E93DA9C}.Release|Any CPU.ActiveCfg = Release|Any CPU
		{BF451CD5-F111-4730-BD32-AB6A6E93DA9C}.Release|Any CPU.Build.0 = Release|Any CPU
		{83BC9289-A217-4463-84FA-35FD6756CDE5}.Debug|Any CPU.ActiveCfg = Debug|Any CPU
		{83BC9289-A217-4463-84FA-35FD6756CDE5}.Debug|Any CPU.Build.0 = Debug|Any CPU
		{83BC9289-A217-4463-84FA-35FD6756CDE5}.Release|Any CPU.ActiveCfg = Release|Any CPU
		{83BC9289-A217-4463-84FA-35FD6756CDE5}.Release|Any CPU.Build.0 = Release|Any CPU
		{30DEBA47-8D50-4BDC-BD20-877450F413F1}.Debug|Any CPU.ActiveCfg = Debug|Any CPU
		{30DEBA47-8D50-4BDC-BD20-877450F413F1}.Debug|Any CPU.Build.0 = Debug|Any CPU
		{30DEBA47-8D50-4BDC-BD20-877450F413F1}.Release|Any CPU.ActiveCfg = Release|Any CPU
		{30DEBA47-8D50-4BDC-BD20-877450F413F1}.Release|Any CPU.Build.0 = Release|Any CPU
	EndGlobalSection
	GlobalSection(SolutionProperties) = preSolution
		HideSolutionNode = FALSE
	EndGlobalSection
	GlobalSection(ExtensibilityGlobals) = postSolution
		SolutionGuid = {301616DA-1890-42E7-8215-984B646669CD}
	EndGlobalSection
EndGlobal
